
Microsoft Visual Studio Solution File, Format Version 12.00
# Visual Studio 14
VisualStudioVersion = 14.0.25420.1
MinimumVisualStudioVersion = 10.0.40219.1
Project("{FAE04EC0-301F-11D3-BF4B-00C04F79EFBC}") = "Receipt Tally", "Receipt Tally\Receipt Tally.csproj", "{BA401FEA-F078-4AA5-84BF-BCCB4E3CAD79}"
EndProject
Global
	GlobalSection(SolutionConfigurationPlatforms) = preSolution
		Debug|Any CPU = Debug|Any CPU
		Release|Any CPU = Release|Any CPU
	EndGlobalSection
	GlobalSection(ProjectConfigurationPlatforms) = postSolution
		{BA401FEA-F078-4AA5-84BF-BCCB4E3CAD79}.Debug|Any CPU.ActiveCfg = Debug|Any CPU
		{BA401FEA-F078-4AA5-84BF-BCCB4E3CAD79}.Debug|Any CPU.Build.0 = Debug|Any CPU
		{BA401FEA-F078-4AA5-84BF-BCCB4E3CAD79}.Release|Any CPU.ActiveCfg = Release|Any CPU
		{BA401FEA-F078-4AA5-84BF-BCCB4E3CAD79}.Release|Any CPU.Build.0 = Release|Any CPU
	EndGlobalSection
	GlobalSection(SolutionProperties) = preSolution
		HideSolutionNode = FALSE
	EndGlobalSection
EndGlobal
